# THIS IS AN AUTOGENERATED FILE. DO NOT EDIT THIS FILE DIRECTLY.
# yarn lockfile v1


"@types/node@^25.4.0":
  version "25.4.0"
  resolved "https://registry.yarnpkg.com/@types/node/-/node-25.4.0.tgz#f25d8467984d6667cc4c1be1e2f79593834aaedb"
  integrity sha512-9wLpoeWuBlcbBpOY3XmzSTG3oscB6xjBEEtn+pYXTfhyXhIxC5FsBer2KTopBlvKEiW9l13po9fq+SJY/5lkhw==
  dependencies:
    undici-types "~7.18.0"

"@types/react@^19.2.14":
  version "19.2.14"
  resolved "https://registry.yarnpkg.com/@types/react/-/react-19.2.14.tgz#39604929b5e3957e3a6fa0001dafb17c7af70bad"
  integrity sha512-ilcTH/UniCkMdtexkoCN0bI7pMcJDvmQFPvuPvmEaYA/NSfFTAgdUSLAoVjaRJm7+6PvcM+q1zYOwS4wTYMF9w==
  dependencies:
    csstype "^3.2.2"

"@vtex/tsconfig@^0.6.0":
  version "0.6.0"
  resolved "https://registry.yarnpkg.com/@vtex/tsconfig/-/tsconfig-0.6.0.tgz#c9dfffc95d2ef55195237411f9c15269ca30b2a5"
  integrity sha512-SVQBxaSdEVdpJFja1aVTIiZBgpQKePyYOUWGzcYq6LYkSWqSbz2LoC7TuLUsmfweYmVkv8+4eVuxcDpQVEpq1A==

csstype@^3.2.2:
  version "3.2.3"
  resolved "https://registry.yarnpkg.com/csstype/-/csstype-3.2.3.tgz#ec48c0f3e993e50648c86da559e2610995cf989a"
  integrity sha512-z1HGKcYy2xA8AGQfwrn0PAy+PB7X/GSj3UVJW9qKyn43xWa+gl5nXmU4qqLMRzWVLFC8KusUX8T/0kCiOYpAIQ==

"frncubo.garantia-desafio@https://desafio--frncubo.myvtex.com/_v/private/typings/linked/v1/frncubo.garantia-desafio@0.1.2+build1773253103/public/_types/react":
  version "0.0.0"
  resolved "https://desafio--frncubo.myvtex.com/_v/private/typings/linked/v1/frncubo.garantia-desafio@0.1.2+build1773253103/public/_types/react#fa7a0347e046eab3dd768998fc9252b2c0dd5aef"

react@^19.2.4:
  version "19.2.4"
  resolved "https://registry.yarnpkg.com/react/-/react-19.2.4.tgz#438e57baa19b77cb23aab516cf635cd0579ee09a"
  integrity sha512-9nfp2hYpCwOjAN+8TZFGhtWEwgvWHXqESH8qT89AT/lWklpLON22Lc8pEtnpsZz7VmawabSU0gCjnj8aC0euHQ==

typescript@3.9.7:
  version "3.9.7"
  resolved "https://registry.yarnpkg.com/typescript/-/typescript-3.9.7.tgz#98d600a5ebdc38f40cb277522f12dc800e9e25fa"
  integrity sha512-BLbiRkiBzAwsjut4x/dsibSTB6yWpwT5qWmC2OfuCg3GgVQCSgMs4vEctYPhsaGtd0AeuuHMkjZ2h2WG8MSzRw==

undici-types@~7.18.0:
  version "7.18.2"
  resolved "https://registry.yarnpkg.com/undici-types/-/undici-types-7.18.2.tgz#29357a89e7b7ca4aef3bf0fd3fd0cd73884229e9"
  integrity sha512-AsuCzffGHJybSaRrmr5eHr81mwJU3kjw6M+uprWvCXiNeN9SOGwQ3Jn8jb8m3Z6izVgknn1R0FTCEAP2QrLY/w==

"vtex.flex-layout@http://vtex.vtexassets.com/_v/public/typings/v1/vtex.flex-layout@0.21.5/public/@types/vtex.flex-layout":
  version "0.21.5"
  resolved "http://vtex.vtexassets.com/_v/public/typings/v1/vtex.flex-layout@0.21.5/public/@types/vtex.flex-layout#732a9584402f5a97308c079beffa41d839b4c06a"

"vtex.render-runtime@http://vtex.vtexassets.com/_v/public/typings/v1/vtex.render-runtime@8.136.2/public/@types/vtex.render-runtime":
  version "8.136.2"
  resolved "http://vtex.vtexassets.com/_v/public/typings/v1/vtex.render-runtime@8.136.2/public/@types/vtex.render-runtime#afc85cc43da5ee3fc2f0efa000f31adada482d03"

"vtex.responsive-layout@http://vtex.vtexassets.com/_v/public/typings/v1/vtex.responsive-layout@0.1.4/public/@types/vtex.responsive-layout":
  version "0.1.4"
  resolved "http://vtex.vtexassets.com/_v/public/typings/v1/vtex.responsive-layout@0.1.4/public/@types/vtex.responsive-layout#e67d61ec1e308accb4e0ef2bd172fe04a41bf662"

"vtex.rich-text@http://vtex.vtexassets.com/_v/public/typings/v1/vtex.rich-text@0.16.1/public/@types/vtex.rich-text":
  version "0.16.1"
  resolved "http://vtex.vtexassets.com/_v/public/typings/v1/vtex.rich-text@0.16.1/public/@types/vtex.rich-text#26d53b5bdfb7da97a2e884f85167ead458be9e1d"

"vtex.slider-layout@http://vtex.vtexassets.com/_v/public/typings/v1/vtex.slider-layout@0.24.10/public/@types/vtex.slider-layout":
  version "0.24.10"
  resolved "http://vtex.vtexassets.com/_v/public/typings/v1/vtex.slider-layout@0.24.10/public/@types/vtex.slider-layout#a9133e785c07f521b99a57204ff17aa556958ba6"

"vtex.stack-layout@http://vtex.vtexassets.com/_v/public/typings/v1/vtex.stack-layout@0.1.3/public/@types/vtex.stack-layout":
  version "0.1.3"
  resolved "http://vtex.vtexassets.com/_v/public/typings/v1/vtex.stack-layout@0.1.3/public/@types/vtex.stack-layout#4a65fbcbc1352d5c72acc74ebb2ebb9bda3781b9"

"vtex.store-components@http://vtex.vtexassets.com/_v/public/typings/v1/vtex.store-components@3.178.5/public/@types/vtex.store-components":
  version "3.178.5"
  resolved "http://vtex.vtexassets.com/_v/public/typings/v1/vtex.store-components@3.178.5/public/@types/vtex.store-components#8d18db70ed144e3b20fef7efad621c78e24c94a1"

"vtex.store@http://vtex.vtexassets.com/_v/public/typings/v1/vtex.store@2.145.0/public/@types/vtex.store":
  version "2.145.0"
  resolved "http://vtex.vtexassets.com/_v/public/typings/v1/vtex.store@2.145.0/public/@types/vtex.store#403061001ada6cfe4c0ed310572fe5c65d74d0a5"

"vtex.styleguide@http://vtex.vtexassets.com/_v/public/typings/v1/vtex.styleguide@9.146.16/public/@types/vtex.styleguide":
  version "9.146.16"
  resolved "http://vtex.vtexassets.com/_v/public/typings/v1/vtex.styleguide@9.146.16/public/@types/vtex.styleguide#9f95876bdd800dc51a6fd49f775348c126382f60"
